// !$*UTF8*$!
{
	archiveVersion = 1;
	classes = {
	};
	objectVersion = 50;
	objects = {

/* Begin PBXBuildFile section */
		114674ED219215200034A7FF /* Store.swift in Sources */ = {isa = PBXBuildFile; fileRef = 114674EC219215200034A7FF /* Store.swift */; };
		114674EF219215720034A7FF /* Store+Rx.swift in Sources */ = {isa = PBXBuildFile; fileRef = 114674EE219215720034A7FF /* Store+Rx.swift */; };
		114674F1219215A50034A7FF /* Notification.swift in Sources */ = {isa = PBXBuildFile; fileRef = 114674F0219215A50034A7FF /* Notification.swift */; };
		114674F3219215AC0034A7FF /* Action.swift in Sources */ = {isa = PBXBuildFile; fileRef = 114674F2219215AC0034A7FF /* Action.swift */; };
		114674F7219215BC0034A7FF /* Promise.swift in Sources */ = {isa = PBXBuildFile; fileRef = 114674F6219215BC0034A7FF /* Promise.swift */; };
		114674F9219215D00034A7FF /* StandartExecutor.swift in Sources */ = {isa = PBXBuildFile; fileRef = 114674F8219215D00034A7FF /* StandartExecutor.swift */; };
		114674FB219215DA0034A7FF /* Router.swift in Sources */ = {isa = PBXBuildFile; fileRef = 114674FA219215DA0034A7FF /* Router.swift */; };
		114674FD219215E10034A7FF /* UINavigationController+Completion.swift in Sources */ = {isa = PBXBuildFile; fileRef = 114674FC219215E10034A7FF /* UINavigationController+Completion.swift */; };
		114674FF219215E60034A7FF /* StandartRouting.swift in Sources */ = {isa = PBXBuildFile; fileRef = 114674FE219215E60034A7FF /* StandartRouting.swift */; };
		11467502219216D70034A7FF /* When.framework in Frameworks */ = {isa = PBXBuildFile; fileRef = 11467501219216D70034A7FF /* When.framework */; };
		11467507219224C00034A7FF /* Routing.swift in Sources */ = {isa = PBXBuildFile; fileRef = 11467506219224C00034A7FF /* Routing.swift */; };
		11467509219225400034A7FF /* RoutingEvent.swift in Sources */ = {isa = PBXBuildFile; fileRef = 11467508219225400034A7FF /* RoutingEvent.swift */; };
		11469A5F2193400000378B6A /* Event.swift in Sources */ = {isa = PBXBuildFile; fileRef = 11469A5E2193400000378B6A /* Event.swift */; };
		11581880218DDDF2001491B6 /* ReStore.h in Headers */ = {isa = PBXBuildFile; fileRef = 1158187E218DDDF2001491B6 /* ReStore.h */; settings = {ATTRIBUTES = (Public, ); }; };
		1158188F218DDE87001491B6 /* ReStoreRouter.h in Headers */ = {isa = PBXBuildFile; fileRef = 1158188D218DDE87001491B6 /* ReStoreRouter.h */; settings = {ATTRIBUTES = (Public, ); }; };
		11C7CEF121961580008FF089 /* When.framework in Frameworks */ = {isa = PBXBuildFile; fileRef = 11467501219216D70034A7FF /* When.framework */; };
/* End PBXBuildFile section */

/* Begin PBXContainerItemProxy section */
		11C7CEF221961588008FF089 /* PBXContainerItemProxy */ = {
			isa = PBXContainerItemProxy;
			containerPortal = 11581872218DDDF2001491B6 /* Project object */;
			proxyType = 1;
			remoteGlobalIDString = 1158187A218DDDF2001491B6;
			remoteInfo = ReStore;
		};
/* End PBXContainerItemProxy section */

/* Begin PBXFileReference section */
		110A28DC21A6F4F00062CC5A /* RxSwift.framework */ = {isa = PBXFileReference; lastKnownFileType = wrapper.framework; name = RxSwift.framework; path = ../magento1_app/Carthage/Build/iOS/RxSwift.framework; sourceTree = "<group>"; };
		114674EC219215200034A7FF /* Store.swift */ = {isa = PBXFileReference; fileEncoding = 4; lastKnownFileType = sourcecode.swift; path = Store.swift; sourceTree = "<group>"; };
		114674EE219215720034A7FF /* Store+Rx.swift */ = {isa = PBXFileReference; lastKnownFileType = sourcecode.swift; path = "Store+Rx.swift"; sourceTree = "<group>"; };
		114674F0219215A50034A7FF /* Notification.swift */ = {isa = PBXFileReference; fileEncoding = 4; lastKnownFileType = sourcecode.swift; path = Notification.swift; sourceTree = "<group>"; };
		114674F2219215AC0034A7FF /* Action.swift */ = {isa = PBXFileReference; fileEncoding = 4; lastKnownFileType = sourcecode.swift; path = Action.swift; sourceTree = "<group>"; };
		114674F6219215BC0034A7FF /* Promise.swift */ = {isa = PBXFileReference; fileEncoding = 4; lastKnownFileType = sourcecode.swift; path = Promise.swift; sourceTree = "<group>"; };
		114674F8219215D00034A7FF /* StandartExecutor.swift */ = {isa = PBXFileReference; fileEncoding = 4; lastKnownFileType = sourcecode.swift; path = StandartExecutor.swift; sourceTree = "<group>"; };
		114674FA219215DA0034A7FF /* Router.swift */ = {isa = PBXFileReference; fileEncoding = 4; lastKnownFileType = sourcecode.swift; path = Router.swift; sourceTree = "<group>"; };
		114674FC219215E10034A7FF /* UINavigationController+Completion.swift */ = {isa = PBXFileReference; fileEncoding = 4; lastKnownFileType = sourcecode.swift; path = "UINavigationController+Completion.swift"; sourceTree = "<group>"; };
		114674FE219215E60034A7FF /* StandartRouting.swift */ = {isa = PBXFileReference; fileEncoding = 4; lastKnownFileType = sourcecode.swift; path = StandartRouting.swift; sourceTree = "<group>"; };
		11467501219216D70034A7FF /* When.framework */ = {isa = PBXFileReference; lastKnownFileType = wrapper.framework; name = When.framework; path = Carthage/Build/iOS/When.framework; sourceTree = "<group>"; };
		11467506219224C00034A7FF /* Routing.swift */ = {isa = PBXFileReference; lastKnownFileType = sourcecode.swift; path = Routing.swift; sourceTree = "<group>"; };
		11467508219225400034A7FF /* RoutingEvent.swift */ = {isa = PBXFileReference; lastKnownFileType = sourcecode.swift; path = RoutingEvent.swift; sourceTree = "<group>"; };
		11469A5E2193400000378B6A /* Event.swift */ = {isa = PBXFileReference; lastKnownFileType = sourcecode.swift; path = Event.swift; sourceTree = "<group>"; };
		1158187B218DDDF2001491B6 /* ReStore.framework */ = {isa = PBXFileReference; explicitFileType = wrapper.framework; includeInIndex = 0; path = ReStore.framework; sourceTree = BUILT_PRODUCTS_DIR; };
		1158187E218DDDF2001491B6 /* ReStore.h */ = {isa = PBXFileReference; lastKnownFileType = sourcecode.c.h; path = ReStore.h; sourceTree = "<group>"; };
		1158187F218DDDF2001491B6 /* Info.plist */ = {isa = PBXFileReference; lastKnownFileType = text.plist.xml; path = Info.plist; sourceTree = "<group>"; };
		1158188B218DDE87001491B6 /* ReStoreRouter.framework */ = {isa = PBXFileReference; explicitFileType = wrapper.framework; includeInIndex = 0; path = ReStoreRouter.framework; sourceTree = BUILT_PRODUCTS_DIR; };
		1158188D218DDE87001491B6 /* ReStoreRouter.h */ = {isa = PBXFileReference; lastKnownFileType = sourcecode.c.h; path = ReStoreRouter.h; sourceTree = "<group>"; };
		1158188E218DDE87001491B6 /* Info.plist */ = {isa = PBXFileReference; lastKnownFileType = text.plist.xml; path = Info.plist; sourceTree = "<group>"; };
/* End PBXFileReference section */

/* Begin PBXFrameworksBuildPhase section */
		11581878218DDDF2001491B6 /* Frameworks */ = {
			isa = PBXFrameworksBuildPhase;
			buildActionMask = 2147483647;
			files = (
				11467502219216D70034A7FF /* When.framework in Frameworks */,
			);
			runOnlyForDeploymentPostprocessing = 0;
		};
		11581888218DDE87001491B6 /* Frameworks */ = {
			isa = PBXFrameworksBuildPhase;
			buildActionMask = 2147483647;
			files = (
				11C7CEF121961580008FF089 /* When.framework in Frameworks */,
			);
			runOnlyForDeploymentPostprocessing = 0;
		};
/* End PBXFrameworksBuildPhase section */

/* Begin PBXGroup section */
		11467500219216D70034A7FF /* Frameworks */ = {
			isa = PBXGroup;
			children = (
				11467501219216D70034A7FF /* When.framework */,
				110A28DC21A6F4F00062CC5A /* RxSwift.framework */,
			);
			name = Frameworks;
			sourceTree = "<group>";
		};
		11469A542193104100378B6A /* Extensions */ = {
			isa = PBXGroup;
			children = (
				114674F6219215BC0034A7FF /* Promise.swift */,
				114674EE219215720034A7FF /* Store+Rx.swift */,
			);
			path = Extensions;
			sourceTree = "<group>";
		};
		11581871218DDDF2001491B6 = {
			isa = PBXGroup;
			children = (
				1158187D218DDDF2001491B6 /* ReStore */,
				1158188C218DDE87001491B6 /* ReStoreRouter */,
				11467500219216D70034A7FF /* Frameworks */,
				1158187C218DDDF2001491B6 /* Products */,
			);
			sourceTree = "<group>";
		};
		1158187C218DDDF2001491B6 /* Products */ = {
			isa = PBXGroup;
			children = (
				1158187B218DDDF2001491B6 /* ReStore.framework */,
				1158188B218DDE87001491B6 /* ReStoreRouter.framework */,
			);
			name = Products;
			sourceTree = "<group>";
		};
		1158187D218DDDF2001491B6 /* ReStore */ = {
			isa = PBXGroup;
			children = (
				114674EC219215200034A7FF /* Store.swift */,
				114674F2219215AC0034A7FF /* Action.swift */,
				11469A5E2193400000378B6A /* Event.swift */,
				114674F0219215A50034A7FF /* Notification.swift */,
				114674F8219215D00034A7FF /* StandartExecutor.swift */,
				11469A542193104100378B6A /* Extensions */,
				1158187E218DDDF2001491B6 /* ReStore.h */,
				1158187F218DDDF2001491B6 /* Info.plist */,
			);
			path = ReStore;
			sourceTree = "<group>";
		};
		1158188C218DDE87001491B6 /* ReStoreRouter */ = {
			isa = PBXGroup;
			children = (
				1158188D218DDE87001491B6 /* ReStoreRouter.h */,
				114674FA219215DA0034A7FF /* Router.swift */,
				11467506219224C00034A7FF /* Routing.swift */,
				11467508219225400034A7FF /* RoutingEvent.swift */,
				114674FE219215E60034A7FF /* StandartRouting.swift */,
				114674FC219215E10034A7FF /* UINavigationController+Completion.swift */,
				1158188E218DDE87001491B6 /* Info.plist */,
			);
			path = ReStoreRouter;
			sourceTree = "<group>";
		};
/* End PBXGroup section */

/* Begin PBXHeadersBuildPhase section */
		11581876218DDDF2001491B6 /* Headers */ = {
			isa = PBXHeadersBuildPhase;
			buildActionMask = 2147483647;
			files = (
				11581880218DDDF2001491B6 /* ReStore.h in Headers */,
			);
			runOnlyForDeploymentPostprocessing = 0;
		};
		11581886218DDE87001491B6 /* Headers */ = {
			isa = PBXHeadersBuildPhase;
			buildActionMask = 2147483647;
			files = (
				1158188F218DDE87001491B6 /* ReStoreRouter.h in Headers */,
			);
			runOnlyForDeploymentPostprocessing = 0;
		};
/* End PBXHeadersBuildPhase section */

/* Begin PBXNativeTarget section */
		1158187A218DDDF2001491B6 /* ReStore */ = {
			isa = PBXNativeTarget;
			buildConfigurationList = 11581883218DDDF2001491B6 /* Build configuration list for PBXNativeTarget "ReStore" */;
			buildPhases = (
				11581876218DDDF2001491B6 /* Headers */,
				11581877218DDDF2001491B6 /* Sources */,
				11581878218DDDF2001491B6 /* Frameworks */,
				11581879218DDDF2001491B6 /* Resources */,
			);
			buildRules = (
			);
			dependencies = (
			);
			name = ReStore;
			productName = ReStore;
			productReference = 1158187B218DDDF2001491B6 /* ReStore.framework */;
			productType = "com.apple.product-type.framework";
		};
		1158188A218DDE87001491B6 /* ReStoreRouter */ = {
			isa = PBXNativeTarget;
			buildConfigurationList = 11581892218DDE87001491B6 /* Build configuration list for PBXNativeTarget "ReStoreRouter" */;
			buildPhases = (
				11581886218DDE87001491B6 /* Headers */,
				11581887218DDE87001491B6 /* Sources */,
				11581888218DDE87001491B6 /* Frameworks */,
				11581889218DDE87001491B6 /* Resources */,
			);
			buildRules = (
			);
			dependencies = (
				11C7CEF321961588008FF089 /* PBXTargetDependency */,
			);
			name = ReStoreRouter;
			productName = ReStoreRouter;
			productReference = 1158188B218DDE87001491B6 /* ReStoreRouter.framework */;
			productType = "com.apple.product-type.framework";
		};
/* End PBXNativeTarget section */

/* Begin PBXProject section */
		11581872218DDDF2001491B6 /* Project object */ = {
			isa = PBXProject;
			attributes = {
				LastUpgradeCheck = 1010;
				ORGANIZATIONNAME = "Alexander Naumov";
				TargetAttributes = {
					1158187A218DDDF2001491B6 = {
						CreatedOnToolsVersion = 10.1;
					};
					1158188A218DDE87001491B6 = {
						CreatedOnToolsVersion = 10.1;
					};
				};
			};
			buildConfigurationList = 11581875218DDDF2001491B6 /* Build configuration list for PBXProject "ReStore" */;
			compatibilityVersion = "Xcode 9.3";
			developmentRegion = en;
			hasScannedForEncodings = 0;
			knownRegions = (
				en,
			);
			mainGroup = 11581871218DDDF2001491B6;
			productRefGroup = 1158187C218DDDF2001491B6 /* Products */;
			projectDirPath = "";
			projectRoot = "";
			targets = (
				1158187A218DDDF2001491B6 /* ReStore */,
				1158188A218DDE87001491B6 /* ReStoreRouter */,
			);
		};
/* End PBXProject section */

/* Begin PBXResourcesBuildPhase section */
		11581879218DDDF2001491B6 /* Resources */ = {
			isa = PBXResourcesBuildPhase;
			buildActionMask = 2147483647;
			files = (
			);
			runOnlyForDeploymentPostprocessing = 0;
		};
		11581889218DDE87001491B6 /* Resources */ = {
			isa = PBXResourcesBuildPhase;
			buildActionMask = 2147483647;
			files = (
			);
			runOnlyForDeploymentPostprocessing = 0;
		};
/* End PBXResourcesBuildPhase section */

/* Begin PBXSourcesBuildPhase section */
		11581877218DDDF2001491B6 /* Sources */ = {
			isa = PBXSourcesBuildPhase;
			buildActionMask = 2147483647;
			files = (
				11469A5F2193400000378B6A /* Event.swift in Sources */,
				114674ED219215200034A7FF /* Store.swift in Sources */,
				114674F9219215D00034A7FF /* StandartExecutor.swift in Sources */,
				114674F3219215AC0034A7FF /* Action.swift in Sources */,
				114674EF219215720034A7FF /* Store+Rx.swift in Sources */,
				114674F1219215A50034A7FF /* Notification.swift in Sources */,
				114674F7219215BC0034A7FF /* Promise.swift in Sources */,
			);
			runOnlyForDeploymentPostprocessing = 0;
		};
		11581887218DDE87001491B6 /* Sources */ = {
			isa = PBXSourcesBuildPhase;
			buildActionMask = 2147483647;
			files = (
				11467507219224C00034A7FF /* Routing.swift in Sources */,
				114674FB219215DA0034A7FF /* Router.swift in Sources */,
				114674FD219215E10034A7FF /* UINavigationController+Completion.swift in Sources */,
				114674FF219215E60034A7FF /* StandartRouting.swift in Sources */,
				11467509219225400034A7FF /* RoutingEvent.swift in Sources */,
			);
			runOnlyForDeploymentPostprocessing = 0;
		};
/* End PBXSourcesBuildPhase section */

/* Begin PBXTargetDependency section */
		11C7CEF321961588008FF089 /* PBXTargetDependency */ = {
			isa = PBXTargetDependency;
			target = 1158187A218DDDF2001491B6 /* ReStore */;
			targetProxy = 11C7CEF221961588008FF089 /* PBXContainerItemProxy */;
		};
/* End PBXTargetDependency section */

/* Begin XCBuildConfiguration section */
		11581881218DDDF2001491B6 /* Debug */ = {
			isa = XCBuildConfiguration;
			buildSettings = {
				ALWAYS_SEARCH_USER_PATHS = NO;
				CLANG_ANALYZER_NONNULL = YES;
				CLANG_ANALYZER_NUMBER_OBJECT_CONVERSION = YES_AGGRESSIVE;
				CLANG_CXX_LANGUAGE_STANDARD = "gnu++14";
				CLANG_CXX_LIBRARY = "libc++";
				CLANG_ENABLE_MODULES = YES;
				CLANG_ENABLE_OBJC_ARC = YES;
				CLANG_ENABLE_OBJC_WEAK = YES;
				CLANG_WARN_BLOCK_CAPTURE_AUTORELEASING = YES;
				CLANG_WARN_BOOL_CONVERSION = YES;
				CLANG_WARN_COMMA = YES;
				CLANG_WARN_CONSTANT_CONVERSION = YES;
				CLANG_WARN_DEPRECATED_OBJC_IMPLEMENTATIONS = YES;
				CLANG_WARN_DIRECT_OBJC_ISA_USAGE = YES_ERROR;
				CLANG_WARN_DOCUMENTATION_COMMENTS = YES;
				CLANG_WARN_EMPTY_BODY = YES;
				CLANG_WARN_ENUM_CONVERSION = YES;
				CLANG_WARN_INFINITE_RECURSION = YES;
				CLANG_WARN_INT_CONVERSION = YES;
				CLANG_WARN_NON_LITERAL_NULL_CONVERSION = YES;
				CLANG_WARN_OBJC_IMPLICIT_RETAIN_SELF = YES;
				CLANG_WARN_OBJC_LITERAL_CONVERSION = YES;
				CLANG_WARN_OBJC_ROOT_CLASS = YES_ERROR;
				CLANG_WARN_RANGE_LOOP_ANALYSIS = YES;
				CLANG_WARN_STRICT_PROTOTYPES = YES;
				CLANG_WARN_SUSPICIOUS_MOVE = YES;
				CLANG_WARN_UNGUARDED_AVAILABILITY = YES_AGGRESSIVE;
				CLANG_WARN_UNREACHABLE_CODE = YES;
				CLANG_WARN__DUPLICATE_METHOD_MATCH = YES;
				CODE_SIGN_IDENTITY = "iPhone Developer";
				COPY_PHASE_STRIP = NO;
				CURRENT_PROJECT_VERSION = 1;
				DEBUG_INFORMATION_FORMAT = dwarf;
				ENABLE_STRICT_OBJC_MSGSEND = YES;
				ENABLE_TESTABILITY = YES;
				GCC_C_LANGUAGE_STANDARD = gnu11;
				GCC_DYNAMIC_NO_PIC = NO;
				GCC_NO_COMMON_BLOCKS = YES;
				GCC_OPTIMIZATION_LEVEL = 0;
				GCC_PREPROCESSOR_DEFINITIONS = (
					"DEBUG=1",
					"$(inherited)",
				);
				GCC_WARN_64_TO_32_BIT_CONVERSION = YES;
				GCC_WARN_ABOUT_RETURN_TYPE = YES_ERROR;
				GCC_WARN_UNDECLARED_SELECTOR = YES;
				GCC_WARN_UNINITIALIZED_AUTOS = YES_AGGRESSIVE;
				GCC_WARN_UNUSED_FUNCTION = YES;
				GCC_WARN_UNUSED_VARIABLE = YES;
				IPHONEOS_DEPLOYMENT_TARGET = 12.1;
				MTL_ENABLE_DEBUG_INFO = INCLUDE_SOURCE;
				MTL_FAST_MATH = YES;
				ONLY_ACTIVE_ARCH = YES;
				SDKROOT = iphoneos;
				SWIFT_ACTIVE_COMPILATION_CONDITIONS = DEBUG;
				SWIFT_OPTIMIZATION_LEVEL = "-Onone";
				VERSIONING_SYSTEM = "apple-generic";
				VERSION_INFO_PREFIX = "";
			};
			name = Debug;
		};
		11581882218DDDF2001491B6 /* Release */ = {
			isa = XCBuildConfiguration;
			buildSettings = {
				ALWAYS_SEARCH_USER_PATHS = NO;
				CLANG_ANALYZER_NONNULL = YES;
				CLANG_ANALYZER_NUMBER_OBJECT_CONVERSION = YES_AGGRESSIVE;
				CLANG_CXX_LANGUAGE_STANDARD = "gnu++14";
				CLANG_CXX_LIBRARY = "libc++";
				CLANG_ENABLE_MODULES = YES;
				CLANG_ENABLE_OBJC_ARC = YES;
				CLANG_ENABLE_OBJC_WEAK = YES;
				CLANG_WARN_BLOCK_CAPTURE_AUTORELEASING = YES;
				CLANG_WARN_BOOL_CONVERSION = YES;
				CLANG_WARN_COMMA = YES;
				CLANG_WARN_CONSTANT_CONVERSION = YES;
				CLANG_WARN_DEPRECATED_OBJC_IMPLEMENTATIONS = YES;
				CLANG_WARN_DIRECT_OBJC_ISA_USAGE = YES_ERROR;
				CLANG_WARN_DOCUMENTATION_COMMENTS = YES;
				CLANG_WARN_EMPTY_BODY = YES;
				CLANG_WARN_ENUM_CONVERSION = YES;
				CLANG_WARN_INFINITE_RECURSION = YES;
				CLANG_WARN_INT_CONVERSION = YES;
				CLANG_WARN_NON_LITERAL_NULL_CONVERSION = YES;
				CLANG_WARN_OBJC_IMPLICIT_RETAIN_SELF = YES;
				CLANG_WARN_OBJC_LITERAL_CONVERSION = YES;
				CLANG_WARN_OBJC_ROOT_CLASS = YES_ERROR;
				CLANG_WARN_RANGE_LOOP_ANALYSIS = YES;
				CLANG_WARN_STRICT_PROTOTYPES = YES;
				CLANG_WARN_SUSPICIOUS_MOVE = YES;
				CLANG_WARN_UNGUARDED_AVAILABILITY = YES_AGGRESSIVE;
				CLANG_WARN_UNREACHABLE_CODE = YES;
				CLANG_WARN__DUPLICATE_METHOD_MATCH = YES;
				CODE_SIGN_IDENTITY = "iPhone Developer";
				COPY_PHASE_STRIP = NO;
				CURRENT_PROJECT_VERSION = 1;
				DEBUG_INFORMATION_FORMAT = "dwarf-with-dsym";
				ENABLE_NS_ASSERTIONS = NO;
				ENABLE_STRICT_OBJC_MSGSEND = YES;
				GCC_C_LANGUAGE_STANDARD = gnu11;
				GCC_NO_COMMON_BLOCKS = YES;
				GCC_WARN_64_TO_32_BIT_CONVERSION = YES;
				GCC_WARN_ABOUT_RETURN_TYPE = YES_ERROR;
				GCC_WARN_UNDECLARED_SELECTOR = YES;
				GCC_WARN_UNINITIALIZED_AUTOS = YES_AGGRESSIVE;
				GCC_WARN_UNUSED_FUNCTION = YES;
				GCC_WARN_UNUSED_VARIABLE = YES;
				IPHONEOS_DEPLOYMENT_TARGET = 12.1;
				MTL_ENABLE_DEBUG_INFO = NO;
				MTL_FAST_MATH = YES;
				SDKROOT = iphoneos;
				SWIFT_COMPILATION_MODE = wholemodule;
				SWIFT_OPTIMIZATION_LEVEL = "-O";
				VALIDATE_PRODUCT = YES;
				VERSIONING_SYSTEM = "apple-generic";
				VERSION_INFO_PREFIX = "";
			};
			name = Release;
		};
		11581884218DDDF2001491B6 /* Debug */ = {
			isa = XCBuildConfiguration;
			buildSettings = {
				CODE_SIGN_IDENTITY = "";
				CODE_SIGN_STYLE = Automatic;
				DEFINES_MODULE = YES;
				DYLIB_COMPATIBILITY_VERSION = 1;
				DYLIB_CURRENT_VERSION = 1;
				DYLIB_INSTALL_NAME_BASE = "@rpath";
				FRAMEWORK_SEARCH_PATHS = (
					"$(inherited)",
					"$(PROJECT_DIR)/Carthage/Build/iOS",
				);
				INFOPLIST_FILE = ReStore/Info.plist;
				INSTALL_PATH = "$(LOCAL_LIBRARY_DIR)/Frameworks";
				IPHONEOS_DEPLOYMENT_TARGET = 9.0;
				LD_RUNPATH_SEARCH_PATHS = (
					"$(inherited)",
					"@executable_path/Frameworks",
					"@loader_path/Frameworks",
				);
				PRODUCT_BUNDLE_IDENTIFIER = me.haymob.ReStore;
				PRODUCT_NAME = "$(TARGET_NAME:c99extidentifier)";
				SKIP_INSTALL = YES;
				SWIFT_VERSION = 5.0;
				TARGETED_DEVICE_FAMILY = "1,2";
			};
			name = Debug;
		};
		11581885218DDDF2001491B6 /* Release */ = {
			isa = XCBuildConfiguration;
			buildSettings = {
				CODE_SIGN_IDENTITY = "";
				CODE_SIGN_STYLE = Automatic;
				DEFINES_MODULE = YES;
				DYLIB_COMPATIBILITY_VERSION = 1;
				DYLIB_CURRENT_VERSION = 1;
				DYLIB_INSTALL_NAME_BASE = "@rpath";
				FRAMEWORK_SEARCH_PATHS = (
					"$(inherited)",
					"$(PROJECT_DIR)/Carthage/Build/iOS",
				);
				INFOPLIST_FILE = ReStore/Info.plist;
				INSTALL_PATH = "$(LOCAL_LIBRARY_DIR)/Frameworks";
				IPHONEOS_DEPLOYMENT_TARGET = 9.0;
				LD_RUNPATH_SEARCH_PATHS = (
					"$(inherited)",
					"@executable_path/Frameworks",
					"@loader_path/Frameworks",
				);
				PRODUCT_BUNDLE_IDENTIFIER = me.haymob.ReStore;
				PRODUCT_NAME = "$(TARGET_NAME:c99extidentifier)";
				SKIP_INSTALL = YES;
				SWIFT_VERSION = 5.0;
				TARGETED_DEVICE_FAMILY = "1,2";
			};
			name = Release;
		};
		11581890218DDE87001491B6 /* Debug */ = {
			isa = XCBuildConfiguration;
			buildSettings = {
				CODE_SIGN_IDENTITY = "";
				CODE_SIGN_STYLE = Automatic;
				DEFINES_MODULE = YES;
				DYLIB_COMPATIBILITY_VERSION = 1;
				DYLIB_CURRENT_VERSION = 1;
				DYLIB_INSTALL_NAME_BASE = "@rpath";
				FRAMEWORK_SEARCH_PATHS = (
					"$(inherited)",
					"$(PROJECT_DIR)/Carthage/Build/iOS",
				);
				INFOPLIST_FILE = ReStoreRouter/Info.plist;
				INSTALL_PATH = "$(LOCAL_LIBRARY_DIR)/Frameworks";
				IPHONEOS_DEPLOYMENT_TARGET = 9.0;
				LD_RUNPATH_SEARCH_PATHS = (
					"$(inherited)",
					"@executable_path/Frameworks",
					"@loader_path/Frameworks",
				);
				PRODUCT_BUNDLE_IDENTIFIER = me.haymob.ReStoreRouter;
				PRODUCT_NAME = "$(TARGET_NAME:c99extidentifier)";
				SKIP_INSTALL = YES;
				TARGETED_DEVICE_FAMILY = "1,2";
			};
			name = Debug;
		};
		11581891218DDE87001491B6 /* Release */ = {
			isa = XCBuildConfiguration;
			buildSettings = {
				CODE_SIGN_IDENTITY = "";
				CODE_SIGN_STYLE = Automatic;
				DEFINES_MODULE = YES;
				DYLIB_COMPATIBILITY_VERSION = 1;
				DYLIB_CURRENT_VERSION = 1;
				DYLIB_INSTALL_NAME_BASE = "@rpath";
				FRAMEWORK_SEARCH_PATHS = (
					"$(inherited)",
					"$(PROJECT_DIR)/Carthage/Build/iOS",
				);
				INFOPLIST_FILE = ReStoreRouter/Info.plist;
				INSTALL_PATH = "$(LOCAL_LIBRARY_DIR)/Frameworks";
				IPHONEOS_DEPLOYMENT_TARGET = 9.0;
				LD_RUNPATH_SEARCH_PATHS = (
					"$(inherited)",
					"@executable_path/Frameworks",
					"@loader_path/Frameworks",
				);
				PRODUCT_BUNDLE_IDENTIFIER = me.haymob.ReStoreRouter;
				PRODUCT_NAME = "$(TARGET_NAME:c99extidentifier)";
				SKIP_INSTALL = YES;
				TARGETED_DEVICE_FAMILY = "1,2";
			};
			name = Release;
		};
/* End XCBuildConfiguration section */

/* Begin XCConfigurationList section */
		11581875218DDDF2001491B6 /* Build configuration list for PBXProject "ReStore" */ = {
			isa = XCConfigurationList;
			buildConfigurations = (
				11581881218DDDF2001491B6 /* Debug */,
				11581882218DDDF2001491B6 /* Release */,
			);
			defaultConfigurationIsVisible = 0;
			defaultConfigurationName = Release;
		};
		11581883218DDDF2001491B6 /* Build configuration list for PBXNativeTarget "ReStore" */ = {
			isa = XCConfigurationList;
			buildConfigurations = (
				11581884218DDDF2001491B6 /* Debug */,
				11581885218DDDF2001491B6 /* Release */,
			);
			defaultConfigurationIsVisible = 0;
			defaultConfigurationName = Release;
		};
		11581892218DDE87001491B6 /* Build configuration list for PBXNativeTarget "ReStoreRouter" */ = {
			isa = XCConfigurationList;
			buildConfigurations = (
				11581890218DDE87001491B6 /* Debug */,
				11581891218DDE87001491B6 /* Release */,
			);
			defaultConfigurationIsVisible = 0;
			defaultConfigurationName = Release;
		};
/* End XCConfigurationList section */
	};
	rootObject = 11581872218DDDF2001491B6 /* Project object */;
}
